
Microsoft Visual Studio Solution File, Format Version 12.00
# Visual Studio Version 16
VisualStudioVersion = 16.0.31019.35
MinimumVisualStudioVersion = 10.0.40219.1
Project("{FAE04EC0-301F-11D3-BF4B-00C04F79EFBC}") = "Detyra 12", "Detyra 12\Detyra 12.csproj", "{3E312B2F-CDE6-48CA-A83E-8D31647C2C18}"
EndProject
Global
	GlobalSection(SolutionConfigurationPlatforms) = preSolution
		Debug|Any CPU = Debug|Any CPU
		Release|Any CPU = Release|Any CPU
	EndGlobalSection
	GlobalSection(ProjectConfigurationPlatforms) = postSolution
		{3E312B2F-CDE6-48CA-A83E-8D31647C2C18}.Debug|Any CPU.ActiveCfg = Debug|Any CPU
		{3E312B2F-CDE6-48CA-A83E-8D31647C2C18}.Debug|Any CPU.Build.0 = Debug|Any CPU
		{3E312B2F-CDE6-48CA-A83E-8D31647C2C18}.Release|Any CPU.ActiveCfg = Release|Any CPU
		{3E312B2F-CDE6-48CA-A83E-8D31647C2C18}.Release|Any CPU.Build.0 = Release|Any CPU
	EndGlobalSection
	GlobalSection(SolutionProperties) = preSolution
		HideSolutionNode = FALSE
	EndGlobalSection
	GlobalSection(ExtensibilityGlobals) = postSolution
		SolutionGuid = {D870677D-10A5-4B6A-A0D6-EAEB73892FF1}
	EndGlobalSection
EndGlobal
