
Microsoft Visual Studio Solution File, Format Version 12.00
# Visual Studio Version 16
VisualStudioVersion = 16.0.31019.35
MinimumVisualStudioVersion = 10.0.40219.1
Project("{FAE04EC0-301F-11D3-BF4B-00C04F79EFBC}") = "Detyra 8", "Detyra 8\Detyra 8.csproj", "{D8CE43D4-E24A-4F9E-A6AE-8180A59C7004}"
EndProject
Global
	GlobalSection(SolutionConfigurationPlatforms) = preSolution
		Debug|Any CPU = Debug|Any CPU
		Release|Any CPU = Release|Any CPU
	EndGlobalSection
	GlobalSection(ProjectConfigurationPlatforms) = postSolution
		{D8CE43D4-E24A-4F9E-A6AE-8180A59C7004}.Debug|Any CPU.ActiveCfg = Debug|Any CPU
		{D8CE43D4-E24A-4F9E-A6AE-8180A59C7004}.Debug|Any CPU.Build.0 = Debug|Any CPU
		{D8CE43D4-E24A-4F9E-A6AE-8180A59C7004}.Release|Any CPU.ActiveCfg = Release|Any CPU
		{D8CE43D4-E24A-4F9E-A6AE-8180A59C7004}.Release|Any CPU.Build.0 = Release|Any CPU
	EndGlobalSection
	GlobalSection(SolutionProperties) = preSolution
		HideSolutionNode = FALSE
	EndGlobalSection
	GlobalSection(ExtensibilityGlobals) = postSolution
		SolutionGuid = {15815D9D-690A-430D-A206-150C0FB1F25C}
	EndGlobalSection
EndGlobal
