
Microsoft Visual Studio Solution File, Format Version 12.00
# Visual Studio Version 16
VisualStudioVersion = 16.0.31019.35
MinimumVisualStudioVersion = 10.0.40219.1
Project("{FAE04EC0-301F-11D3-BF4B-00C04F79EFBC}") = "Detyrat 13", "Detyrat 13\Detyrat 13.csproj", "{9748045C-9DEB-48BD-B3C0-6F18D7593906}"
EndProject
Global
	GlobalSection(SolutionConfigurationPlatforms) = preSolution
		Debug|Any CPU = Debug|Any CPU
		Release|Any CPU = Release|Any CPU
	EndGlobalSection
	GlobalSection(ProjectConfigurationPlatforms) = postSolution
		{9748045C-9DEB-48BD-B3C0-6F18D7593906}.Debug|Any CPU.ActiveCfg = Debug|Any CPU
		{9748045C-9DEB-48BD-B3C0-6F18D7593906}.Debug|Any CPU.Build.0 = Debug|Any CPU
		{9748045C-9DEB-48BD-B3C0-6F18D7593906}.Release|Any CPU.ActiveCfg = Release|Any CPU
		{9748045C-9DEB-48BD-B3C0-6F18D7593906}.Release|Any CPU.Build.0 = Release|Any CPU
	EndGlobalSection
	GlobalSection(SolutionProperties) = preSolution
		HideSolutionNode = FALSE
	EndGlobalSection
	GlobalSection(ExtensibilityGlobals) = postSolution
		SolutionGuid = {5C76ED9E-4EF3-4268-97C1-FD8E00247537}
	EndGlobalSection
EndGlobal
