
Microsoft Visual Studio Solution File, Format Version 12.00
# Visual Studio Version 16
VisualStudioVersion = 16.0.31019.35
MinimumVisualStudioVersion = 10.0.40219.1
Project("{FAE04EC0-301F-11D3-BF4B-00C04F79EFBC}") = "Detyra 6", "Detyra 6\Detyra 6.csproj", "{494C1B79-7484-4DCE-ABB9-A725E428E217}"
EndProject
Global
	GlobalSection(SolutionConfigurationPlatforms) = preSolution
		Debug|Any CPU = Debug|Any CPU
		Release|Any CPU = Release|Any CPU
	EndGlobalSection
	GlobalSection(ProjectConfigurationPlatforms) = postSolution
		{494C1B79-7484-4DCE-ABB9-A725E428E217}.Debug|Any CPU.ActiveCfg = Debug|Any CPU
		{494C1B79-7484-4DCE-ABB9-A725E428E217}.Debug|Any CPU.Build.0 = Debug|Any CPU
		{494C1B79-7484-4DCE-ABB9-A725E428E217}.Release|Any CPU.ActiveCfg = Release|Any CPU
		{494C1B79-7484-4DCE-ABB9-A725E428E217}.Release|Any CPU.Build.0 = Release|Any CPU
	EndGlobalSection
	GlobalSection(SolutionProperties) = preSolution
		HideSolutionNode = FALSE
	EndGlobalSection
	GlobalSection(ExtensibilityGlobals) = postSolution
		SolutionGuid = {6225AD0B-EF87-4F4A-9C64-8D3163E984A9}
	EndGlobalSection
EndGlobal
