
Microsoft Visual Studio Solution File, Format Version 12.00
# Visual Studio Version 16
VisualStudioVersion = 16.0.31019.35
MinimumVisualStudioVersion = 10.0.40219.1
Project("{FAE04EC0-301F-11D3-BF4B-00C04F79EFBC}") = "Detyra 14", "Detyra 14\Detyra 14.csproj", "{226E8DB5-A2B8-49FD-ACD6-6F0DE71FCDFD}"
EndProject
Global
	GlobalSection(SolutionConfigurationPlatforms) = preSolution
		Debug|Any CPU = Debug|Any CPU
		Release|Any CPU = Release|Any CPU
	EndGlobalSection
	GlobalSection(ProjectConfigurationPlatforms) = postSolution
		{226E8DB5-A2B8-49FD-ACD6-6F0DE71FCDFD}.Debug|Any CPU.ActiveCfg = Debug|Any CPU
		{226E8DB5-A2B8-49FD-ACD6-6F0DE71FCDFD}.Debug|Any CPU.Build.0 = Debug|Any CPU
		{226E8DB5-A2B8-49FD-ACD6-6F0DE71FCDFD}.Release|Any CPU.ActiveCfg = Release|Any CPU
		{226E8DB5-A2B8-49FD-ACD6-6F0DE71FCDFD}.Release|Any CPU.Build.0 = Release|Any CPU
	EndGlobalSection
	GlobalSection(SolutionProperties) = preSolution
		HideSolutionNode = FALSE
	EndGlobalSection
	GlobalSection(ExtensibilityGlobals) = postSolution
		SolutionGuid = {DB2D6A99-CC3A-4B05-9171-32203E8B4006}
	EndGlobalSection
EndGlobal
