
Microsoft Visual Studio Solution File, Format Version 12.00
# Visual Studio Version 16
VisualStudioVersion = 16.0.31019.35
MinimumVisualStudioVersion = 10.0.40219.1
Project("{FAE04EC0-301F-11D3-BF4B-00C04F79EFBC}") = "Detyra 7", "Detyra 7\Detyra 7.csproj", "{0F1AE801-7B96-479E-8ECC-E6FF24617389}"
EndProject
Global
	GlobalSection(SolutionConfigurationPlatforms) = preSolution
		Debug|Any CPU = Debug|Any CPU
		Release|Any CPU = Release|Any CPU
	EndGlobalSection
	GlobalSection(ProjectConfigurationPlatforms) = postSolution
		{0F1AE801-7B96-479E-8ECC-E6FF24617389}.Debug|Any CPU.ActiveCfg = Debug|Any CPU
		{0F1AE801-7B96-479E-8ECC-E6FF24617389}.Debug|Any CPU.Build.0 = Debug|Any CPU
		{0F1AE801-7B96-479E-8ECC-E6FF24617389}.Release|Any CPU.ActiveCfg = Release|Any CPU
		{0F1AE801-7B96-479E-8ECC-E6FF24617389}.Release|Any CPU.Build.0 = Release|Any CPU
	EndGlobalSection
	GlobalSection(SolutionProperties) = preSolution
		HideSolutionNode = FALSE
	EndGlobalSection
	GlobalSection(ExtensibilityGlobals) = postSolution
		SolutionGuid = {B77EBDBB-8DE8-4C30-A94C-78DFA42BD3B6}
	EndGlobalSection
EndGlobal
