
Microsoft Visual Studio Solution File, Format Version 12.00
# Visual Studio Version 16
VisualStudioVersion = 16.0.31019.35
MinimumVisualStudioVersion = 10.0.40219.1
Project("{FAE04EC0-301F-11D3-BF4B-00C04F79EFBC}") = "Detyra 1", "Detyra 1\Detyra 1.csproj", "{F306F184-03F6-49C4-B390-28ED2CF0707B}"
EndProject
Global
	GlobalSection(SolutionConfigurationPlatforms) = preSolution
		Debug|Any CPU = Debug|Any CPU
		Release|Any CPU = Release|Any CPU
	EndGlobalSection
	GlobalSection(ProjectConfigurationPlatforms) = postSolution
		{F306F184-03F6-49C4-B390-28ED2CF0707B}.Debug|Any CPU.ActiveCfg = Debug|Any CPU
		{F306F184-03F6-49C4-B390-28ED2CF0707B}.Debug|Any CPU.Build.0 = Debug|Any CPU
		{F306F184-03F6-49C4-B390-28ED2CF0707B}.Release|Any CPU.ActiveCfg = Release|Any CPU
		{F306F184-03F6-49C4-B390-28ED2CF0707B}.Release|Any CPU.Build.0 = Release|Any CPU
	EndGlobalSection
	GlobalSection(SolutionProperties) = preSolution
		HideSolutionNode = FALSE
	EndGlobalSection
	GlobalSection(ExtensibilityGlobals) = postSolution
		SolutionGuid = {9F17D4EF-6999-4DDB-9DAA-32D9A669F84B}
	EndGlobalSection
EndGlobal
