
Microsoft Visual Studio Solution File, Format Version 12.00
# Visual Studio Version 16
VisualStudioVersion = 16.0.31019.35
MinimumVisualStudioVersion = 10.0.40219.1
Project("{FAE04EC0-301F-11D3-BF4B-00C04F79EFBC}") = "Detyra 2", "Detyra 2\Detyra 2.csproj", "{3CED79DF-D52B-41A1-BF9F-EAFFA7569ABE}"
EndProject
Global
	GlobalSection(SolutionConfigurationPlatforms) = preSolution
		Debug|Any CPU = Debug|Any CPU
		Release|Any CPU = Release|Any CPU
	EndGlobalSection
	GlobalSection(ProjectConfigurationPlatforms) = postSolution
		{3CED79DF-D52B-41A1-BF9F-EAFFA7569ABE}.Debug|Any CPU.ActiveCfg = Debug|Any CPU
		{3CED79DF-D52B-41A1-BF9F-EAFFA7569ABE}.Debug|Any CPU.Build.0 = Debug|Any CPU
		{3CED79DF-D52B-41A1-BF9F-EAFFA7569ABE}.Release|Any CPU.ActiveCfg = Release|Any CPU
		{3CED79DF-D52B-41A1-BF9F-EAFFA7569ABE}.Release|Any CPU.Build.0 = Release|Any CPU
	EndGlobalSection
	GlobalSection(SolutionProperties) = preSolution
		HideSolutionNode = FALSE
	EndGlobalSection
	GlobalSection(ExtensibilityGlobals) = postSolution
		SolutionGuid = {5913E772-796E-4EEF-850B-17AEEF4D8AC4}
	EndGlobalSection
EndGlobal
