
Microsoft Visual Studio Solution File, Format Version 12.00
# Visual Studio Version 16
VisualStudioVersion = 16.0.31019.35
MinimumVisualStudioVersion = 10.0.40219.1
Project("{FAE04EC0-301F-11D3-BF4B-00C04F79EFBC}") = "Detyra 5", "Detyra 5\Detyra 5.csproj", "{2F02F2D6-71B0-4CF0-BCEE-A5F2FA7EA700}"
EndProject
Global
	GlobalSection(SolutionConfigurationPlatforms) = preSolution
		Debug|Any CPU = Debug|Any CPU
		Release|Any CPU = Release|Any CPU
	EndGlobalSection
	GlobalSection(ProjectConfigurationPlatforms) = postSolution
		{2F02F2D6-71B0-4CF0-BCEE-A5F2FA7EA700}.Debug|Any CPU.ActiveCfg = Debug|Any CPU
		{2F02F2D6-71B0-4CF0-BCEE-A5F2FA7EA700}.Debug|Any CPU.Build.0 = Debug|Any CPU
		{2F02F2D6-71B0-4CF0-BCEE-A5F2FA7EA700}.Release|Any CPU.ActiveCfg = Release|Any CPU
		{2F02F2D6-71B0-4CF0-BCEE-A5F2FA7EA700}.Release|Any CPU.Build.0 = Release|Any CPU
	EndGlobalSection
	GlobalSection(SolutionProperties) = preSolution
		HideSolutionNode = FALSE
	EndGlobalSection
	GlobalSection(ExtensibilityGlobals) = postSolution
		SolutionGuid = {62422450-08EE-4D73-A2D5-DCD0D63028DA}
	EndGlobalSection
EndGlobal
