
Microsoft Visual Studio Solution File, Format Version 12.00
# Visual Studio Version 16
VisualStudioVersion = 16.0.31019.35
MinimumVisualStudioVersion = 10.0.40219.1
Project("{FAE04EC0-301F-11D3-BF4B-00C04F79EFBC}") = "Detyra 13", "Detyra 13\Detyra 13.csproj", "{169B3D64-8868-4E12-9E23-3A87FE25668D}"
EndProject
Global
	GlobalSection(SolutionConfigurationPlatforms) = preSolution
		Debug|Any CPU = Debug|Any CPU
		Release|Any CPU = Release|Any CPU
	EndGlobalSection
	GlobalSection(ProjectConfigurationPlatforms) = postSolution
		{169B3D64-8868-4E12-9E23-3A87FE25668D}.Debug|Any CPU.ActiveCfg = Debug|Any CPU
		{169B3D64-8868-4E12-9E23-3A87FE25668D}.Debug|Any CPU.Build.0 = Debug|Any CPU
		{169B3D64-8868-4E12-9E23-3A87FE25668D}.Release|Any CPU.ActiveCfg = Release|Any CPU
		{169B3D64-8868-4E12-9E23-3A87FE25668D}.Release|Any CPU.Build.0 = Release|Any CPU
	EndGlobalSection
	GlobalSection(SolutionProperties) = preSolution
		HideSolutionNode = FALSE
	EndGlobalSection
	GlobalSection(ExtensibilityGlobals) = postSolution
		SolutionGuid = {CD53EF59-DAD7-4C01-B248-5351E9B60C96}
	EndGlobalSection
EndGlobal
