
Microsoft Visual Studio Solution File, Format Version 12.00
# Visual Studio Version 16
VisualStudioVersion = 16.0.31019.35
MinimumVisualStudioVersion = 10.0.40219.1
Project("{FAE04EC0-301F-11D3-BF4B-00C04F79EFBC}") = "Detyra 2", "Detyra 2\Detyra 2.csproj", "{88063602-ABDF-4963-94D2-4CA12A8D7085}"
EndProject
Global
	GlobalSection(SolutionConfigurationPlatforms) = preSolution
		Debug|Any CPU = Debug|Any CPU
		Release|Any CPU = Release|Any CPU
	EndGlobalSection
	GlobalSection(ProjectConfigurationPlatforms) = postSolution
		{88063602-ABDF-4963-94D2-4CA12A8D7085}.Debug|Any CPU.ActiveCfg = Debug|Any CPU
		{88063602-ABDF-4963-94D2-4CA12A8D7085}.Debug|Any CPU.Build.0 = Debug|Any CPU
		{88063602-ABDF-4963-94D2-4CA12A8D7085}.Release|Any CPU.ActiveCfg = Release|Any CPU
		{88063602-ABDF-4963-94D2-4CA12A8D7085}.Release|Any CPU.Build.0 = Release|Any CPU
	EndGlobalSection
	GlobalSection(SolutionProperties) = preSolution
		HideSolutionNode = FALSE
	EndGlobalSection
	GlobalSection(ExtensibilityGlobals) = postSolution
		SolutionGuid = {03B16F3B-1DC7-4CE9-A81E-A820A87B89B2}
	EndGlobalSection
EndGlobal
